
Microsoft Visual Studio Solution File, Format Version 11.00
# Visual Studio 2010
Project("{FAE04EC0-301F-11D3-BF4B-00C04F79EFBC}") = "IkTest_2", "Assembly-CSharp.csproj", "{7AAD5DCC-C1C0-7E7D-5DB9-4A5ADB6DCDE3}"
EndProject
Global
	GlobalSection(SolutionConfigurationPlatforms) = preSolution
		Debug|Any CPU = Debug|Any CPU
		Release|Any CPU = Release|Any CPU
	EndGlobalSection
	GlobalSection(ProjectConfigurationPlatforms) = postSolution
		{7AAD5DCC-C1C0-7E7D-5DB9-4A5ADB6DCDE3}.Debug|Any CPU.ActiveCfg = Debug|Any CPU
		{7AAD5DCC-C1C0-7E7D-5DB9-4A5ADB6DCDE3}.Debug|Any CPU.Build.0 = Debug|Any CPU
		{7AAD5DCC-C1C0-7E7D-5DB9-4A5ADB6DCDE3}.Release|Any CPU.ActiveCfg = Release|Any CPU
		{7AAD5DCC-C1C0-7E7D-5DB9-4A5ADB6DCDE3}.Release|Any CPU.Build.0 = Release|Any CPU
	EndGlobalSection
	GlobalSection(SolutionProperties) = preSolution
		HideSolutionNode = FALSE
	EndGlobalSection
	GlobalSection(MonoDevelopProperties) = preSolution
		StartupItem = Assembly-CSharp.csproj
	EndGlobalSection
EndGlobal
